{
  "nodes": {
    "chaotic": {
      "inputs": {
        "flake-schemas": "flake-schemas",
        "home-manager": "home-manager",
        "jovian": "jovian",
        "nixpkgs": "nixpkgs",
        "rust-overlay": "rust-overlay"
      },
      "locked": {
        "lastModified": 1764351487,
        "narHash": "sha256-7XJcTfz0dPhBd7nfyjcFxT1LIIctJZ2LthiI2Ltd7zY=",
        "ref": "nyxpkgs-unstable",
        "rev": "2031f4a0507d0f7ab3e1aaff4c027a010feee447",
        "revCount": 2464,
        "type": "git",
        "url": "https://github.com/chaotic-cx/nyx.git"
      },
      "original": {
        "ref": "nyxpkgs-unstable",
        "type": "git",
        "url": "https://github.com/chaotic-cx/nyx.git"
      }
    },
    "darwin-emacs": {
      "inputs": {
        "flake-utils": "flake-utils",
        "nixpkgs": [
          "nixpkgs"
        ]
      },
      "locked": {
        "lastModified": 1764383252,
        "narHash": "sha256-dSx/7NEpbp3Hqht84OIwsBr1R07wFJfXIEO3wISpNUw=",
        "owner": "nix-giant",
        "repo": "nix-darwin-emacs",
        "rev": "dc1377da9a4824e730b665bfa4c35fa24be3988f",
        "type": "github"
      },
      "original": {
        "owner": "nix-giant",
        "repo": "nix-darwin-emacs",
        "type": "github"
      }
    },
    "emacs-overlay": {
      "inputs": {
        "nixpkgs": [
          "nixpkgs"
        ],
        "nixpkgs-stable": [
          "nixpkgs-stable"
        ]
      },
      "locked": {
        "lastModified": 1764408195,
        "narHash": "sha256-HDLC9Ck9MGL/3IYkFBQ46pRSXZgGKSaTLM2h4Fa0mLY=",
        "owner": "nix-community",
        "repo": "emacs-overlay",
        "rev": "8ee93e15a2c5c9b647279302e22929964cbb62cd",
        "type": "github"
      },
      "original": {
        "owner": "nix-community",
        "repo": "emacs-overlay",
        "type": "github"
      }
    },
    "flake-compat": {
      "locked": {
        "lastModified": 1746162366,
        "narHash": "sha256-5SSSZ/oQkwfcAz/o/6TlejlVGqeK08wyREBQ5qFFPhM=",
        "owner": "nix-community",
        "repo": "flake-compat",
        "rev": "0f158086a2ecdbb138cd0429410e44994f1b7e4b",
        "type": "github"
      },
      "original": {
        "owner": "nix-community",
        "repo": "flake-compat",
        "type": "github"
      }
    },
    "flake-compat_2": {
      "flake": false,
      "locked": {
        "lastModified": 1696426674,
        "narHash": "sha256-kvjfFW7WAETZlt09AgDn1MrtKzP7t90Vf7vypd3OL1U=",
        "owner": "edolstra",
        "repo": "flake-compat",
        "rev": "0f9255e01c2351cc7d116c072cb317785dd33b33",
        "type": "github"
      },
      "original": {
        "owner": "edolstra",
        "repo": "flake-compat",
        "type": "github"
      }
    },
    "flake-parts": {
      "inputs": {
        "nixpkgs-lib": "nixpkgs-lib"
      },
      "locked": {
        "lastModified": 1763759067,
        "narHash": "sha256-LlLt2Jo/gMNYAwOgdRQBrsRoOz7BPRkzvNaI/fzXi2Q=",
        "owner": "hercules-ci",
        "repo": "flake-parts",
        "rev": "2cccadc7357c0ba201788ae99c4dfa90728ef5e0",
        "type": "github"
      },
      "original": {
        "owner": "hercules-ci",
        "repo": "flake-parts",
        "type": "github"
      }
    },
    "flake-parts_2": {
      "inputs": {
        "nixpkgs-lib": [
          "nur",
          "nixpkgs"
        ]
      },
      "locked": {
        "lastModified": 1733312601,
        "narHash": "sha256-4pDvzqnegAfRkPwO3wmwBhVi/Sye1mzps0zHWYnP88c=",
        "owner": "hercules-ci",
        "repo": "flake-parts",
        "rev": "205b12d8b7cd4802fbcb8e8ef6a0f1408781a4f9",
        "type": "github"
      },
      "original": {
        "owner": "hercules-ci",
        "repo": "flake-parts",
        "type": "github"
      }
    },
    "flake-schemas": {
      "locked": {
        "lastModified": 1721999734,
        "narHash": "sha256-G5CxYeJVm4lcEtaO87LKzOsVnWeTcHGKbKxNamNWgOw=",
        "rev": "0a5c42297d870156d9c57d8f99e476b738dcd982",
        "revCount": 75,
        "type": "tarball",
        "url": "https://api.flakehub.com/f/pinned/DeterminateSystems/flake-schemas/0.1.5/0190ef2f-61e0-794b-ba14-e82f225e55e6/source.tar.gz"
      },
      "original": {
        "type": "tarball",
        "url": "https://flakehub.com/f/DeterminateSystems/flake-schemas/%3D0.1.5.tar.gz"
      }
    },
    "flake-utils": {
      "inputs": {
        "systems": "systems"
      },
      "locked": {
        "lastModified": 1685518550,
        "narHash": "sha256-o2d0KcvaXzTrPRIo0kOLV0/QXHhDQ5DTi+OxcjO8xqY=",
        "owner": "numtide",
        "repo": "flake-utils",
        "rev": "a1720a10a6cfe8234c0e93907ffe81be440f4cef",
        "type": "github"
      },
      "original": {
        "owner": "numtide",
        "repo": "flake-utils",
        "type": "github"
      }
    },
    "flake-utils_2": {
      "inputs": {
        "systems": "systems_2"
      },
      "locked": {
        "lastModified": 1726560853,
        "narHash": "sha256-X6rJYSESBVr3hBoH0WbKE5KvhPU5bloyZ2L4K60/fPQ=",
        "owner": "numtide",
        "repo": "flake-utils",
        "rev": "c1dfcf08411b08f6b8615f7d8971a2bfa81d5e8a",
        "type": "github"
      },
      "original": {
        "owner": "numtide",
        "repo": "flake-utils",
        "type": "github"
      }
    },
    "flake-utils_3": {
      "inputs": {
        "systems": "systems_3"
      },
      "locked": {
        "lastModified": 1731533236,
        "narHash": "sha256-l0KFg5HjrsfsO/JpG+r7fRrqm12kzFHyUHqHCVpMMbI=",
        "owner": "numtide",
        "repo": "flake-utils",
        "rev": "11707dc2f618dd54ca8739b309ec4fc024de578b",
        "type": "github"
      },
      "original": {
        "owner": "numtide",
        "repo": "flake-utils",
        "type": "github"
      }
    },
    "home-manager": {
      "inputs": {
        "nixpkgs": [
          "chaotic",
          "nixpkgs"
        ]
      },
      "locked": {
        "lastModified": 1764194569,
        "narHash": "sha256-iUM9ktarEzThkayyZrzQ7oycPshAY2XRQqVKz0xX/L0=",
        "owner": "nix-community",
        "repo": "home-manager",
        "rev": "9651819d75f6c7ffaf8a9227490ac704f29659f0",
        "type": "github"
      },
      "original": {
        "owner": "nix-community",
        "repo": "home-manager",
        "type": "github"
      }
    },
    "jovian": {
      "inputs": {
        "nix-github-actions": "nix-github-actions",
        "nixpkgs": [
          "chaotic",
          "nixpkgs"
        ]
      },
      "locked": {
        "lastModified": 1764275117,
        "narHash": "sha256-DRcv8Y0BnWm4ZhUQnaYk1dNzC6ZhA2W9Vv5Jl4n0RbE=",
        "owner": "Jovian-Experiments",
        "repo": "Jovian-NixOS",
        "rev": "96023dcc9a0febaaa3b91f447b9ae2fbe86f2923",
        "type": "github"
      },
      "original": {
        "owner": "Jovian-Experiments",
        "repo": "Jovian-NixOS",
        "type": "github"
      }
    },
    "jovian_2": {
      "inputs": {
        "nix-github-actions": "nix-github-actions_2",
        "nixpkgs": [
          "nixpkgs"
        ]
      },
      "locked": {
        "lastModified": 1764275117,
        "narHash": "sha256-DRcv8Y0BnWm4ZhUQnaYk1dNzC6ZhA2W9Vv5Jl4n0RbE=",
        "ref": "refs/heads/development",
        "rev": "96023dcc9a0febaaa3b91f447b9ae2fbe86f2923",
        "revCount": 1430,
        "type": "git",
        "url": "https://github.com/Jovian-Experiments/Jovian-NixOS.git"
      },
      "original": {
        "type": "git",
        "url": "https://github.com/Jovian-Experiments/Jovian-NixOS.git"
      }
    },
    "nix-github-actions": {
      "inputs": {
        "nixpkgs": [
          "chaotic",
          "jovian",
          "nixpkgs"
        ]
      },
      "locked": {
        "lastModified": 1729697500,
        "narHash": "sha256-VFTWrbzDlZyFHHb1AlKRiD/qqCJIripXKiCSFS8fAOY=",
        "owner": "zhaofengli",
        "repo": "nix-github-actions",
        "rev": "e418aeb728b6aa5ca8c5c71974e7159c2df1d8cf",
        "type": "github"
      },
      "original": {
        "owner": "zhaofengli",
        "ref": "matrix-name",
        "repo": "nix-github-actions",
        "type": "github"
      }
    },
    "nix-github-actions_2": {
      "inputs": {
        "nixpkgs": [
          "jovian",
          "nixpkgs"
        ]
      },
      "locked": {
        "lastModified": 1729697500,
        "narHash": "sha256-VFTWrbzDlZyFHHb1AlKRiD/qqCJIripXKiCSFS8fAOY=",
        "owner": "zhaofengli",
        "repo": "nix-github-actions",
        "rev": "e418aeb728b6aa5ca8c5c71974e7159c2df1d8cf",
        "type": "github"
      },
      "original": {
        "owner": "zhaofengli",
        "ref": "matrix-name",
        "repo": "nix-github-actions",
        "type": "github"
      }
    },
    "nixos-apple-silicon": {
      "inputs": {
        "flake-compat": "flake-compat",
        "nixpkgs": [
          "nixpkgs"
        ]
      },
      "locked": {
        "lastModified": 1763596466,
        "narHash": "sha256-CTSUc4Fk1lHMQZMJ5LczPDYGLq5UjXDFKLSpuA3mKmI=",
        "owner": "nix-community",
        "repo": "nixos-apple-silicon",
        "rev": "73b7103c4e3996e3e20868d510b0e8797f279323",
        "type": "github"
      },
      "original": {
        "owner": "nix-community",
        "repo": "nixos-apple-silicon",
        "type": "github"
      }
    },
    "nixpkgs": {
      "locked": {
        "lastModified": 1764242076,
        "narHash": "sha256-sKoIWfnijJ0+9e4wRvIgm/HgE27bzwQxcEmo2J/gNpI=",
        "owner": "NixOS",
        "repo": "nixpkgs",
        "rev": "2fad6eac6077f03fe109c4d4eb171cf96791faa4",
        "type": "github"
      },
      "original": {
        "owner": "NixOS",
        "ref": "nixos-unstable",
        "repo": "nixpkgs",
        "type": "github"
      }
    },
    "nixpkgs-lib": {
      "locked": {
        "lastModified": 1761765539,
        "narHash": "sha256-b0yj6kfvO8ApcSE+QmA6mUfu8IYG6/uU28OFn4PaC8M=",
        "owner": "nix-community",
        "repo": "nixpkgs.lib",
        "rev": "719359f4562934ae99f5443f20aa06c2ffff91fc",
        "type": "github"
      },
      "original": {
        "owner": "nix-community",
        "repo": "nixpkgs.lib",
        "type": "github"
      }
    },
    "nixpkgs-stable": {
      "locked": {
        "lastModified": 1764316264,
        "narHash": "sha256-82L+EJU+40+FIdeG4gmUlOF1jeSwlf2AwMarrpdHF6o=",
        "owner": "NixOS",
        "repo": "nixpkgs",
        "rev": "9a7b80b6f82a71ea04270d7ba11b48855681c4b0",
        "type": "github"
      },
      "original": {
        "owner": "NixOS",
        "ref": "nixpkgs-25.05-darwin",
        "repo": "nixpkgs",
        "type": "github"
      }
    },
    "nixpkgs-staging": {
      "locked": {
        "lastModified": 1764396382,
        "narHash": "sha256-Itu1gRgi+uT5bDs0JXaFo0TuAAB/+kube0Jw6Jgw8sQ=",
        "owner": "NixOS",
        "repo": "nixpkgs",
        "rev": "1524bd6859c6c23b72fa0cc22d41de66d829c418",
        "type": "github"
      },
      "original": {
        "owner": "NixOS",
        "ref": "staging",
        "repo": "nixpkgs",
        "type": "github"
      }
    },
    "nixpkgs_2": {
      "locked": {
        "lastModified": 1764411495,
        "narHash": "sha256-QT3lt/mGj5bTz6nj/f1KG9UQp2Ul8YMlwt0CWvyZiDc=",
        "owner": "NixOS",
        "repo": "nixpkgs",
        "rev": "bdf6128c7f27668e830652a5ef789079b077e38c",
        "type": "github"
      },
      "original": {
        "owner": "NixOS",
        "ref": "master",
        "repo": "nixpkgs",
        "type": "github"
      }
    },
    "nixpkgs_3": {
      "locked": {
        "lastModified": 1761907660,
        "narHash": "sha256-kJ8lIZsiPOmbkJypG+B5sReDXSD1KGu2VEPNqhRa/ew=",
        "owner": "NixOS",
        "repo": "nixpkgs",
        "rev": "2fb006b87f04c4d3bdf08cfdbc7fab9c13d94a15",
        "type": "github"
      },
      "original": {
        "owner": "NixOS",
        "ref": "nixos-unstable",
        "repo": "nixpkgs",
        "type": "github"
      }
    },
    "nur": {
      "inputs": {
        "flake-parts": "flake-parts_2",
        "nixpkgs": [
          "nixpkgs"
        ]
      },
      "locked": {
        "lastModified": 1764409220,
        "narHash": "sha256-SWd8PLFHvPoK0vdKf6kZESKErpk6l1TgxFK6sUMJ/t4=",
        "owner": "nix-community",
        "repo": "NUR",
        "rev": "ecb81819f98b4d1e70ddf36bcfeea4db2bec4e45",
        "type": "github"
      },
      "original": {
        "owner": "nix-community",
        "repo": "NUR",
        "type": "github"
      }
    },
    "razerdaemon": {
      "inputs": {
        "flake-utils": "flake-utils_2",
        "nixpkgs": [
          "nixpkgs"
        ]
      },
      "locked": {
        "lastModified": 1764392166,
        "narHash": "sha256-pJmAswGIWZ7allZaC2Vxx7fNXlppwH9W0aQvA+UBI8U=",
        "ref": "refs/heads/main",
        "rev": "991997c64e8bc6a7269af783b8a9c46539f0e61c",
        "revCount": 494,
        "type": "git",
        "url": "https://github.com/mio-19/razer-laptop-control.git"
      },
      "original": {
        "type": "git",
        "url": "https://github.com/mio-19/razer-laptop-control.git"
      }
    },
    "root": {
      "inputs": {
        "chaotic": "chaotic",
        "darwin-emacs": "darwin-emacs",
        "emacs-overlay": "emacs-overlay",
        "flake-parts": "flake-parts",
        "jovian": "jovian_2",
        "nixos-apple-silicon": "nixos-apple-silicon",
        "nixpkgs": "nixpkgs_2",
        "nixpkgs-stable": "nixpkgs-stable",
        "nixpkgs-staging": "nixpkgs-staging",
        "nur": "nur",
        "razerdaemon": "razerdaemon",
        "rosetta-spice": "rosetta-spice"
      }
    },
    "rosetta-spice": {
      "inputs": {
        "flake-compat": "flake-compat_2",
        "flake-utils": "flake-utils_3",
        "nixpkgs": "nixpkgs_3"
      },
      "locked": {
        "lastModified": 1763511723,
        "narHash": "sha256-b4+kTXJd81jcE8ssgZx1MDn0/10pQRRC2Uzx9dtNefQ=",
        "owner": "zhaofengli",
        "repo": "rosetta-spice",
        "rev": "fefbca8a554290e54311c1d5cf7354f318ff1c16",
        "type": "github"
      },
      "original": {
        "owner": "zhaofengli",
        "repo": "rosetta-spice",
        "type": "github"
      }
    },
    "rust-overlay": {
      "inputs": {
        "nixpkgs": [
          "chaotic",
          "nixpkgs"
        ]
      },
      "locked": {
        "lastModified": 1764211126,
        "narHash": "sha256-p5y13PnMZYd5WdHk+XCzyUaLGBUCwnz2n4KYKEZM0Pw=",
        "owner": "oxalica",
        "repo": "rust-overlay",
        "rev": "895935bff08cfcfb663fb9c8263c43596e7cd1ed",
        "type": "github"
      },
      "original": {
        "owner": "oxalica",
        "repo": "rust-overlay",
        "type": "github"
      }
    },
    "systems": {
      "locked": {
        "lastModified": 1681028828,
        "narHash": "sha256-Vy1rq5AaRuLzOxct8nz4T6wlgyUR7zLU309k9mBC768=",
        "owner": "nix-systems",
        "repo": "default",
        "rev": "da67096a3b9bf56a91d16901293e51ba5b49a27e",
        "type": "github"
      },
      "original": {
        "owner": "nix-systems",
        "repo": "default",
        "type": "github"
      }
    },
    "systems_2": {
      "locked": {
        "lastModified": 1681028828,
        "narHash": "sha256-Vy1rq5AaRuLzOxct8nz4T6wlgyUR7zLU309k9mBC768=",
        "owner": "nix-systems",
        "repo": "default",
        "rev": "da67096a3b9bf56a91d16901293e51ba5b49a27e",
        "type": "github"
      },
      "original": {
        "owner": "nix-systems",
        "repo": "default",
        "type": "github"
      }
    },
    "systems_3": {
      "locked": {
        "lastModified": 1681028828,
        "narHash": "sha256-Vy1rq5AaRuLzOxct8nz4T6wlgyUR7zLU309k9mBC768=",
        "owner": "nix-systems",
        "repo": "default",
        "rev": "da67096a3b9bf56a91d16901293e51ba5b49a27e",
        "type": "github"
      },
      "original": {
        "owner": "nix-systems",
        "repo": "default",
        "type": "github"
      }
    }
  },
  "root": "root",
  "version": 7
}
